
Microsoft Visual Studio Solution File, Format Version 12.00
# Visual Studio Version 16
VisualStudioVersion = 16.0.31129.286
MinimumVisualStudioVersion = 10.0.40219.1
Project("{FAE04EC0-301F-11D3-BF4B-00C04F79EFBC}") = "DependencyInjection", "DependencyInjection\DependencyInjection.csproj", "{99C54419-FFB5-4FDB-BC77-3C8815F8FE18}"
EndProject
Project("{FAE04EC0-301F-11D3-BF4B-00C04F79EFBC}") = "DependencyInjectionTest", "DependencyInjectionTest\DependencyInjectionTest.csproj", "{1C6A593B-67F2-48E6-97D7-D705690A7B98}"
EndProject
Global
	GlobalSection(SolutionConfigurationPlatforms) = preSolution
		Debug|Any CPU = Debug|Any CPU
		Release|Any CPU = Release|Any CPU
	EndGlobalSection
	GlobalSection(ProjectConfigurationPlatforms) = postSolution
		{99C54419-FFB5-4FDB-BC77-3C8815F8FE18}.Debug|Any CPU.ActiveCfg = Debug|Any CPU
		{99C54419-FFB5-4FDB-BC77-3C8815F8FE18}.Debug|Any CPU.Build.0 = Debug|Any CPU
		{99C54419-FFB5-4FDB-BC77-3C8815F8FE18}.Release|Any CPU.ActiveCfg = Release|Any CPU
		{99C54419-FFB5-4FDB-BC77-3C8815F8FE18}.Release|Any CPU.Build.0 = Release|Any CPU
		{1C6A593B-67F2-48E6-97D7-D705690A7B98}.Debug|Any CPU.ActiveCfg = Debug|Any CPU
		{1C6A593B-67F2-48E6-97D7-D705690A7B98}.Debug|Any CPU.Build.0 = Debug|Any CPU
		{1C6A593B-67F2-48E6-97D7-D705690A7B98}.Release|Any CPU.ActiveCfg = Release|Any CPU
		{1C6A593B-67F2-48E6-97D7-D705690A7B98}.Release|Any CPU.Build.0 = Release|Any CPU
	EndGlobalSection
	GlobalSection(SolutionProperties) = preSolution
		HideSolutionNode = FALSE
	EndGlobalSection
	GlobalSection(ExtensibilityGlobals) = postSolution
		SolutionGuid = {3BDEAF16-DFDC-4CC4-897D-1BB46B75D5F7}
	EndGlobalSection
EndGlobal
